// !$*UTF8*$!
{
	archiveVersion = 1;
	classes = {
	};
	objectVersion = 46;
	objects = {

/* Begin PBXBuildFile section */
		375D66CD1B0CC2E6004018BC /* main.m in Sources */ = {isa = PBXBuildFile; fileRef = 375D66CC1B0CC2E6004018BC /* main.m */; };
		375D66D01B0CC2E6004018BC /* AppDelegate.m in Sources */ = {isa = PBXBuildFile; fileRef = 375D66CF1B0CC2E6004018BC /* AppDelegate.m */; };
		375D66E41B0CC2E6004018BC /* ShakeTests.m in Sources */ = {isa = PBXBuildFile; fileRef = 375D66E31B0CC2E6004018BC /* ShakeTests.m */; };
		375D66EF1B0CC307004018BC /* ShakeViewController.m in Sources */ = {isa = PBXBuildFile; fileRef = 375D66EE1B0CC307004018BC /* ShakeViewController.m */; };
/* End PBXBuildFile section */

/* Begin PBXContainerItemProxy section */
		375D66DE1B0CC2E6004018BC /* PBXContainerItemProxy */ = {
			isa = PBXContainerItemProxy;
			containerPortal = 375D66BF1B0CC2E6004018BC /* Project object */;
			proxyType = 1;
			remoteGlobalIDString = 375D66C61B0CC2E6004018BC;
			remoteInfo = Shake;
		};
/* End PBXContainerItemProxy section */

/* Begin PBXFileReference section */
		375D66C71B0CC2E6004018BC /* Shake.app */ = {isa = PBXFileReference; explicitFileType = wrapper.application; includeInIndex = 0; path = Shake.app; sourceTree = BUILT_PRODUCTS_DIR; };
		375D66CB1B0CC2E6004018BC /* Info.plist */ = {isa = PBXFileReference; lastKnownFileType = text.plist.xml; path = Info.plist; sourceTree = "<group>"; };
		375D66CC1B0CC2E6004018BC /* main.m */ = {isa = PBXFileReference; lastKnownFileType = sourcecode.c.objc; path = main.m; sourceTree = "<group>"; };
		375D66CE1B0CC2E6004018BC /* AppDelegate.h */ = {isa = PBXFileReference; lastKnownFileType = sourcecode.c.h; path = AppDelegate.h; sourceTree = "<group>"; };
		375D66CF1B0CC2E6004018BC /* AppDelegate.m */ = {isa = PBXFileReference; lastKnownFileType = sourcecode.c.objc; path = AppDelegate.m; sourceTree = "<group>"; };
		375D66DD1B0CC2E6004018BC /* ShakeTests.xctest */ = {isa = PBXFileReference; explicitFileType = wrapper.cfbundle; includeInIndex = 0; path = ShakeTests.xctest; sourceTree = BUILT_PRODUCTS_DIR; };
		375D66E21B0CC2E6004018BC /* Info.plist */ = {isa = PBXFileReference; lastKnownFileType = text.plist.xml; path = Info.plist; sourceTree = "<group>"; };
		375D66E31B0CC2E6004018BC /* ShakeTests.m */ = {isa = PBXFileReference; lastKnownFileType = sourcecode.c.objc; path = ShakeTests.m; sourceTree = "<group>"; };
		375D66ED1B0CC307004018BC /* ShakeViewController.h */ = {isa = PBXFileReference; fileEncoding = 4; lastKnownFileType = sourcecode.c.h; path = ShakeViewController.h; sourceTree = "<group>"; };
		375D66EE1B0CC307004018BC /* ShakeViewController.m */ = {isa = PBXFileReference; fileEncoding = 4; lastKnownFileType = sourcecode.c.objc; path = ShakeViewController.m; sourceTree = "<group>"; };
/* End PBXFileReference section */

/* Begin PBXFrameworksBuildPhase section */
		375D66C41B0CC2E6004018BC /* Frameworks */ = {
			isa = PBXFrameworksBuildPhase;
			buildActionMask = 2147483647;
			files = (
			);
			runOnlyForDeploymentPostprocessing = 0;
		};
		375D66DA1B0CC2E6004018BC /* Frameworks */ = {
			isa = PBXFrameworksBuildPhase;
			buildActionMask = 2147483647;
			files = (
			);
			runOnlyForDeploymentPostprocessing = 0;
		};
/* End PBXFrameworksBuildPhase section */

/* Begin PBXGroup section */
		375D66BE1B0CC2E6004018BC = {
			isa = PBXGroup;
			children = (
				375D66C91B0CC2E6004018BC /* Shake */,
				375D66E01B0CC2E6004018BC /* ShakeTests */,
				375D66C81B0CC2E6004018BC /* Products */,
			);
			sourceTree = "<group>";
		};
		375D66C81B0CC2E6004018BC /* Products */ = {
			isa = PBXGroup;
			children = (
				375D66C71B0CC2E6004018BC /* Shake.app */,
				375D66DD1B0CC2E6004018BC /* ShakeTests.xctest */,
			);
			name = Products;
			sourceTree = "<group>";
		};
		375D66C91B0CC2E6004018BC /* Shake */ = {
			isa = PBXGroup;
			children = (
				375D66CE1B0CC2E6004018BC /* AppDelegate.h */,
				375D66CF1B0CC2E6004018BC /* AppDelegate.m */,
				375D66ED1B0CC307004018BC /* ShakeViewController.h */,
				375D66EE1B0CC307004018BC /* ShakeViewController.m */,
				375D66CA1B0CC2E6004018BC /* Supporting Files */,
			);
			path = Shake;
			sourceTree = "<group>";
		};
		375D66CA1B0CC2E6004018BC /* Supporting Files */ = {
			isa = PBXGroup;
			children = (
				375D66CB1B0CC2E6004018BC /* Info.plist */,
				375D66CC1B0CC2E6004018BC /* main.m */,
			);
			name = "Supporting Files";
			sourceTree = "<group>";
		};
		375D66E01B0CC2E6004018BC /* ShakeTests */ = {
			isa = PBXGroup;
			children = (
				375D66E31B0CC2E6004018BC /* ShakeTests.m */,
				375D66E11B0CC2E6004018BC /* Supporting Files */,
			);
			path = ShakeTests;
			sourceTree = "<group>";
		};
		375D66E11B0CC2E6004018BC /* Supporting Files */ = {
			isa = PBXGroup;
			children = (
				375D66E21B0CC2E6004018BC /* Info.plist */,
			);
			name = "Supporting Files";
			sourceTree = "<group>";
		};
/* End PBXGroup section */

/* Begin PBXNativeTarget section */
		375D66C61B0CC2E6004018BC /* Shake */ = {
			isa = PBXNativeTarget;
			buildConfigurationList = 375D66E71B0CC2E6004018BC /* Build configuration list for PBXNativeTarget "Shake" */;
			buildPhases = (
				375D66C31B0CC2E6004018BC /* Sources */,
				375D66C41B0CC2E6004018BC /* Frameworks */,
				375D66C51B0CC2E6004018BC /* Resources */,
			);
			buildRules = (
			);
			dependencies = (
			);
			name = Shake;
			productName = Shake;
			productReference = 375D66C71B0CC2E6004018BC /* Shake.app */;
			productType = "com.apple.product-type.application";
		};
		375D66DC1B0CC2E6004018BC /* ShakeTests */ = {
			isa = PBXNativeTarget;
			buildConfigurationList = 375D66EA1B0CC2E6004018BC /* Build configuration list for PBXNativeTarget "ShakeTests" */;
			buildPhases = (
				375D66D91B0CC2E6004018BC /* Sources */,
				375D66DA1B0CC2E6004018BC /* Frameworks */,
				375D66DB1B0CC2E6004018BC /* Resources */,
			);
			buildRules = (
			);
			dependencies = (
				375D66DF1B0CC2E6004018BC /* PBXTargetDependency */,
			);
			name = ShakeTests;
			productName = ShakeTests;
			productReference = 375D66DD1B0CC2E6004018BC /* ShakeTests.xctest */;
			productType = "com.apple.product-type.bundle.unit-test";
		};
/* End PBXNativeTarget section */

/* Begin PBXProject section */
		375D66BF1B0CC2E6004018BC /* Project object */ = {
			isa = PBXProject;
			attributes = {
				LastUpgradeCheck = 0610;
				ORGANIZATIONNAME = bing;
				TargetAttributes = {
					375D66C61B0CC2E6004018BC = {
						CreatedOnToolsVersion = 6.1.1;
					};
					375D66DC1B0CC2E6004018BC = {
						CreatedOnToolsVersion = 6.1.1;
						TestTargetID = 375D66C61B0CC2E6004018BC;
					};
				};
			};
			buildConfigurationList = 375D66C21B0CC2E6004018BC /* Build configuration list for PBXProject "Shake" */;
			compatibilityVersion = "Xcode 3.2";
			developmentRegion = English;
			hasScannedForEncodings = 0;
			knownRegions = (
				en,
				Base,
			);
			mainGroup = 375D66BE1B0CC2E6004018BC;
			productRefGroup = 375D66C81B0CC2E6004018BC /* Products */;
			projectDirPath = "";
			projectRoot = "";
			targets = (
				375D66C61B0CC2E6004018BC /* Shake */,
				375D66DC1B0CC2E6004018BC /* ShakeTests */,
			);
		};
/* End PBXProject section */

/* Begin PBXResourcesBuildPhase section */
		375D66C51B0CC2E6004018BC /* Resources */ = {
			isa = PBXResourcesBuildPhase;
			buildActionMask = 2147483647;
			files = (
			);
			runOnlyForDeploymentPostprocessing = 0;
		};
		375D66DB1B0CC2E6004018BC /* Resources */ = {
			isa = PBXResourcesBuildPhase;
			buildActionMask = 2147483647;
			files = (
			);
			runOnlyForDeploymentPostprocessing = 0;
		};
/* End PBXResourcesBuildPhase section */

/* Begin PBXSourcesBuildPhase section */
		375D66C31B0CC2E6004018BC /* Sources */ = {
			isa = PBXSourcesBuildPhase;
			buildActionMask = 2147483647;
			files = (
				375D66D01B0CC2E6004018BC /* AppDelegate.m in Sources */,
				375D66EF1B0CC307004018BC /* ShakeViewController.m in Sources */,
				375D66CD1B0CC2E6004018BC /* main.m in Sources */,
			);
			runOnlyForDeploymentPostprocessing = 0;
		};
		375D66D91B0CC2E6004018BC /* Sources */ = {
			isa = PBXSourcesBuildPhase;
			buildActionMask = 2147483647;
			files = (
				375D66E41B0CC2E6004018BC /* ShakeTests.m in Sources */,
			);
			runOnlyForDeploymentPostprocessing = 0;
		};
/* End PBXSourcesBuildPhase section */

/* Begin PBXTargetDependency section */
		375D66DF1B0CC2E6004018BC /* PBXTargetDependency */ = {
			isa = PBXTargetDependency;
			target = 375D66C61B0CC2E6004018BC /* Shake */;
			targetProxy = 375D66DE1B0CC2E6004018BC /* PBXContainerItemProxy */;
		};
/* End PBXTargetDependency section */

/* Begin XCBuildConfiguration section */
		375D66E51B0CC2E6004018BC /* Debug */ = {
			isa = XCBuildConfiguration;
			buildSettings = {
				ALWAYS_SEARCH_USER_PATHS = NO;
				CLANG_CXX_LANGUAGE_STANDARD = "gnu++0x";
				CLANG_CXX_LIBRARY = "libc++";
				CLANG_ENABLE_MODULES = YES;
				CLANG_ENABLE_OBJC_ARC = YES;
				CLANG_WARN_BOOL_CONVERSION = YES;
				CLANG_WARN_CONSTANT_CONVERSION = YES;
				CLANG_WARN_DIRECT_OBJC_ISA_USAGE = YES_ERROR;
				CLANG_WARN_EMPTY_BODY = YES;
				CLANG_WARN_ENUM_CONVERSION = YES;
				CLANG_WARN_INT_CONVERSION = YES;
				CLANG_WARN_OBJC_ROOT_CLASS = YES_ERROR;
				CLANG_WARN_UNREACHABLE_CODE = YES;
				CLANG_WARN__DUPLICATE_METHOD_MATCH = YES;
				"CODE_SIGN_IDENTITY[sdk=iphoneos*]" = "iPhone Developer";
				COPY_PHASE_STRIP = NO;
				ENABLE_STRICT_OBJC_MSGSEND = YES;
				GCC_C_LANGUAGE_STANDARD = gnu99;
				GCC_DYNAMIC_NO_PIC = NO;
				GCC_OPTIMIZATION_LEVEL = 0;
				GCC_PREPROCESSOR_DEFINITIONS = (
					"DEBUG=1",
					"$(inherited)",
				);
				GCC_SYMBOLS_PRIVATE_EXTERN = NO;
				GCC_WARN_64_TO_32_BIT_CONVERSION = YES;
				GCC_WARN_ABOUT_RETURN_TYPE = YES_ERROR;
				GCC_WARN_UNDECLARED_SELECTOR = YES;
				GCC_WARN_UNINITIALIZED_AUTOS = YES_AGGRESSIVE;
				GCC_WARN_UNUSED_FUNCTION = YES;
				GCC_WARN_UNUSED_VARIABLE = YES;
				IPHONEOS_DEPLOYMENT_TARGET = 8.1;
				MTL_ENABLE_DEBUG_INFO = YES;
				ONLY_ACTIVE_ARCH = YES;
				SDKROOT = iphoneos;
			};
			name = Debug;
		};
		375D66E61B0CC2E6004018BC /* Release */ = {
			isa = XCBuildConfiguration;
			buildSettings = {
				ALWAYS_SEARCH_USER_PATHS = NO;
				CLANG_CXX_LANGUAGE_STANDARD = "gnu++0x";
				CLANG_CXX_LIBRARY = "libc++";
				CLANG_ENABLE_MODULES = YES;
				CLANG_ENABLE_OBJC_ARC = YES;
				CLANG_WARN_BOOL_CONVERSION = YES;
				CLANG_WARN_CONSTANT_CONVERSION = YES;
				CLANG_WARN_DIRECT_OBJC_ISA_USAGE = YES_ERROR;
				CLANG_WARN_EMPTY_BODY = YES;
				CLANG_WARN_ENUM_CONVERSION = YES;
				CLANG_WARN_INT_CONVERSION = YES;
				CLANG_WARN_OBJC_ROOT_CLASS = YES_ERROR;
				CLANG_WARN_UNREACHABLE_CODE = YES;
				CLANG_WARN__DUPLICATE_METHOD_MATCH = YES;
				"CODE_SIGN_IDENTITY[sdk=iphoneos*]" = "iPhone Developer";
				COPY_PHASE_STRIP = YES;
				ENABLE_NS_ASSERTIONS = NO;
				ENABLE_STRICT_OBJC_MSGSEND = YES;
				GCC_C_LANGUAGE_STANDARD = gnu99;
				GCC_WARN_64_TO_32_BIT_CONVERSION = YES;
				GCC_WARN_ABOUT_RETURN_TYPE = YES_ERROR;
				GCC_WARN_UNDECLARED_SELECTOR = YES;
				GCC_WARN_UNINITIALIZED_AUTOS = YES_AGGRESSIVE;
				GCC_WARN_UNUSED_FUNCTION = YES;
				GCC_WARN_UNUSED_VARIABLE = YES;
				IPHONEOS_DEPLOYMENT_TARGET = 8.1;
				MTL_ENABLE_DEBUG_INFO = NO;
				SDKROOT = iphoneos;
				VALIDATE_PRODUCT = YES;
			};
			name = Release;
		};
		375D66E81B0CC2E6004018BC /* Debug */ = {
			isa = XCBuildConfiguration;
			buildSettings = {
				ASSETCATALOG_COMPILER_APPICON_NAME = AppIcon;
				INFOPLIST_FILE = Shake/Info.plist;
				LD_RUNPATH_SEARCH_PATHS = "$(inherited) @executable_path/Frameworks";
				PRODUCT_NAME = "$(TARGET_NAME)";
			};
			name = Debug;
		};
		375D66E91B0CC2E6004018BC /* Release */ = {
			isa = XCBuildConfiguration;
			buildSettings = {
				ASSETCATALOG_COMPILER_APPICON_NAME = AppIcon;
				INFOPLIST_FILE = Shake/Info.plist;
				LD_RUNPATH_SEARCH_PATHS = "$(inherited) @executable_path/Frameworks";
				PRODUCT_NAME = "$(TARGET_NAME)";
			};
			name = Release;
		};
		375D66EB1B0CC2E6004018BC /* Debug */ = {
			isa = XCBuildConfiguration;
			buildSettings = {
				BUNDLE_LOADER = "$(TEST_HOST)";
				FRAMEWORK_SEARCH_PATHS = (
					"$(SDKROOT)/Developer/Library/Frameworks",
					"$(inherited)",
				);
				GCC_PREPROCESSOR_DEFINITIONS = (
					"DEBUG=1",
					"$(inherited)",
				);
				INFOPLIST_FILE = ShakeTests/Info.plist;
				LD_RUNPATH_SEARCH_PATHS = "$(inherited) @executable_path/Frameworks @loader_path/Frameworks";
				PRODUCT_NAME = "$(TARGET_NAME)";
				TEST_HOST = "$(BUILT_PRODUCTS_DIR)/Shake.app/Shake";
			};
			name = Debug;
		};
		375D66EC1B0CC2E6004018BC /* Release */ = {
			isa = XCBuildConfiguration;
			buildSettings = {
				BUNDLE_LOADER = "$(TEST_HOST)";
				FRAMEWORK_SEARCH_PATHS = (
					"$(SDKROOT)/Developer/Library/Frameworks",
					"$(inherited)",
				);
				INFOPLIST_FILE = ShakeTests/Info.plist;
				LD_RUNPATH_SEARCH_PATHS = "$(inherited) @executable_path/Frameworks @loader_path/Frameworks";
				PRODUCT_NAME = "$(TARGET_NAME)";
				TEST_HOST = "$(BUILT_PRODUCTS_DIR)/Shake.app/Shake";
			};
			name = Release;
		};
/* End XCBuildConfiguration section */

/* Begin XCConfigurationList section */
		375D66C21B0CC2E6004018BC /* Build configuration list for PBXProject "Shake" */ = {
			isa = XCConfigurationList;
			buildConfigurations = (
				375D66E51B0CC2E6004018BC /* Debug */,
				375D66E61B0CC2E6004018BC /* Release */,
			);
			defaultConfigurationIsVisible = 0;
			defaultConfigurationName = Release;
		};
		375D66E71B0CC2E6004018BC /* Build configuration list for PBXNativeTarget "Shake" */ = {
			isa = XCConfigurationList;
			buildConfigurations = (
				375D66E81B0CC2E6004018BC /* Debug */,
				375D66E91B0CC2E6004018BC /* Release */,
			);
			defaultConfigurationIsVisible = 0;
		};
		375D66EA1B0CC2E6004018BC /* Build configuration list for PBXNativeTarget "ShakeTests" */ = {
			isa = XCConfigurationList;
			buildConfigurations = (
				375D66EB1B0CC2E6004018BC /* Debug */,
				375D66EC1B0CC2E6004018BC /* Release */,
			);
			defaultConfigurationIsVisible = 0;
		};
/* End XCConfigurationList section */
	};
	rootObject = 375D66BF1B0CC2E6004018BC /* Project object */;
}
